// !$*UTF8*$!
{
	archiveVersion = 1;
	classes = {
	};
	objectVersion = 46;
	objects = {

/* Begin PBXBuildFile section */
		026EC32A1D711935005269E6 /* main.m in Sources */ = {isa = PBXBuildFile; fileRef = 026EC3291D711935005269E6 /* main.m */; };
		026EC32D1D711935005269E6 /* AppDelegate.m in Sources */ = {isa = PBXBuildFile; fileRef = 026EC32C1D711935005269E6 /* AppDelegate.m */; };
		026EC3301D711935005269E6 /* ViewController.m in Sources */ = {isa = PBXBuildFile; fileRef = 026EC32F1D711935005269E6 /* ViewController.m */; };
		026EC3361D711936005269E6 /* demoProject.xcdatamodeld in Sources */ = {isa = PBXBuildFile; fileRef = 026EC3341D711935005269E6 /* demoProject.xcdatamodeld */; };
		026EC3381D711936005269E6 /* Assets.xcassets in Resources */ = {isa = PBXBuildFile; fileRef = 026EC3371D711936005269E6 /* Assets.xcassets */; };
		026EC3461D711936005269E6 /* demoProjectTests.m in Sources */ = {isa = PBXBuildFile; fileRef = 026EC3451D711936005269E6 /* demoProjectTests.m */; };
		026EC3511D711936005269E6 /* demoProjectUITests.m in Sources */ = {isa = PBXBuildFile; fileRef = 026EC3501D711936005269E6 /* demoProjectUITests.m */; };
		026EC35F1D71196B005269E6 /* ViewController.xib in Resources */ = {isa = PBXBuildFile; fileRef = 026EC35E1D71196B005269E6 /* ViewController.xib */; };
		026EC3611D711A50005269E6 /* Default-568h@2x.png in Resources */ = {isa = PBXBuildFile; fileRef = 026EC3601D711A50005269E6 /* Default-568h@2x.png */; };
/* End PBXBuildFile section */

/* Begin PBXContainerItemProxy section */
		026EC3421D711936005269E6 /* PBXContainerItemProxy */ = {
			isa = PBXContainerItemProxy;
			containerPortal = 026EC31D1D711935005269E6 /* Project object */;
			proxyType = 1;
			remoteGlobalIDString = 026EC3241D711935005269E6;
			remoteInfo = demoProject;
		};
		026EC34D1D711936005269E6 /* PBXContainerItemProxy */ = {
			isa = PBXContainerItemProxy;
			containerPortal = 026EC31D1D711935005269E6 /* Project object */;
			proxyType = 1;
			remoteGlobalIDString = 026EC3241D711935005269E6;
			remoteInfo = demoProject;
		};
/* End PBXContainerItemProxy section */

/* Begin PBXFileReference section */
		026EC3251D711935005269E6 /* demoProject.app */ = {isa = PBXFileReference; explicitFileType = wrapper.application; includeInIndex = 0; path = demoProject.app; sourceTree = BUILT_PRODUCTS_DIR; };
		026EC3291D711935005269E6 /* main.m */ = {isa = PBXFileReference; lastKnownFileType = sourcecode.c.objc; path = main.m; sourceTree = "<group>"; };
		026EC32B1D711935005269E6 /* AppDelegate.h */ = {isa = PBXFileReference; lastKnownFileType = sourcecode.c.h; path = AppDelegate.h; sourceTree = "<group>"; };
		026EC32C1D711935005269E6 /* AppDelegate.m */ = {isa = PBXFileReference; lastKnownFileType = sourcecode.c.objc; path = AppDelegate.m; sourceTree = "<group>"; };
		026EC32E1D711935005269E6 /* ViewController.h */ = {isa = PBXFileReference; lastKnownFileType = sourcecode.c.h; path = ViewController.h; sourceTree = "<group>"; };
		026EC32F1D711935005269E6 /* ViewController.m */ = {isa = PBXFileReference; lastKnownFileType = sourcecode.c.objc; path = ViewController.m; sourceTree = "<group>"; };
		026EC3351D711935005269E6 /* demoProject.xcdatamodel */ = {isa = PBXFileReference; lastKnownFileType = wrapper.xcdatamodel; path = demoProject.xcdatamodel; sourceTree = "<group>"; };
		026EC3371D711936005269E6 /* Assets.xcassets */ = {isa = PBXFileReference; lastKnownFileType = folder.assetcatalog; path = Assets.xcassets; sourceTree = "<group>"; };
		026EC33C1D711936005269E6 /* Info.plist */ = {isa = PBXFileReference; lastKnownFileType = text.plist.xml; path = Info.plist; sourceTree = "<group>"; };
		026EC3411D711936005269E6 /* demoProjectTests.xctest */ = {isa = PBXFileReference; explicitFileType = wrapper.cfbundle; includeInIndex = 0; path = demoProjectTests.xctest; sourceTree = BUILT_PRODUCTS_DIR; };
		026EC3451D711936005269E6 /* demoProjectTests.m */ = {isa = PBXFileReference; lastKnownFileType = sourcecode.c.objc; path = demoProjectTests.m; sourceTree = "<group>"; };
		026EC3471D711936005269E6 /* Info.plist */ = {isa = PBXFileReference; lastKnownFileType = text.plist.xml; path = Info.plist; sourceTree = "<group>"; };
		026EC34C1D711936005269E6 /* demoProjectUITests.xctest */ = {isa = PBXFileReference; explicitFileType = wrapper.cfbundle; includeInIndex = 0; path = demoProjectUITests.xctest; sourceTree = BUILT_PRODUCTS_DIR; };
		026EC3501D711936005269E6 /* demoProjectUITests.m */ = {isa = PBXFileReference; lastKnownFileType = sourcecode.c.objc; path = demoProjectUITests.m; sourceTree = "<group>"; };
		026EC3521D711936005269E6 /* Info.plist */ = {isa = PBXFileReference; lastKnownFileType = text.plist.xml; path = Info.plist; sourceTree = "<group>"; };
		026EC35E1D71196B005269E6 /* ViewController.xib */ = {isa = PBXFileReference; fileEncoding = 4; lastKnownFileType = file.xib; path = ViewController.xib; sourceTree = "<group>"; };
		026EC3601D711A50005269E6 /* Default-568h@2x.png */ = {isa = PBXFileReference; lastKnownFileType = image.png; path = "Default-568h@2x.png"; sourceTree = "<group>"; };
/* End PBXFileReference section */

/* Begin PBXFrameworksBuildPhase section */
		026EC3221D711935005269E6 /* Frameworks */ = {
			isa = PBXFrameworksBuildPhase;
			buildActionMask = 2147483647;
			files = (
			);
			runOnlyForDeploymentPostprocessing = 0;
		};
		026EC33E1D711936005269E6 /* Frameworks */ = {
			isa = PBXFrameworksBuildPhase;
			buildActionMask = 2147483647;
			files = (
			);
			runOnlyForDeploymentPostprocessing = 0;
		};
		026EC3491D711936005269E6 /* Frameworks */ = {
			isa = PBXFrameworksBuildPhase;
			buildActionMask = 2147483647;
			files = (
			);
			runOnlyForDeploymentPostprocessing = 0;
		};
/* End PBXFrameworksBuildPhase section */

/* Begin PBXGroup section */
		026EC31C1D711935005269E6 = {
			isa = PBXGroup;
			children = (
				026EC3601D711A50005269E6 /* Default-568h@2x.png */,
				026EC3271D711935005269E6 /* demoProject */,
				026EC3441D711936005269E6 /* demoProjectTests */,
				026EC34F1D711936005269E6 /* demoProjectUITests */,
				026EC3261D711935005269E6 /* Products */,
			);
			sourceTree = "<group>";
		};
		026EC3261D711935005269E6 /* Products */ = {
			isa = PBXGroup;
			children = (
				026EC3251D711935005269E6 /* demoProject.app */,
				026EC3411D711936005269E6 /* demoProjectTests.xctest */,
				026EC34C1D711936005269E6 /* demoProjectUITests.xctest */,
			);
			name = Products;
			sourceTree = "<group>";
		};
		026EC3271D711935005269E6 /* demoProject */ = {
			isa = PBXGroup;
			children = (
				026EC3371D711936005269E6 /* Assets.xcassets */,
				026EC33C1D711936005269E6 /* Info.plist */,
				026EC3341D711935005269E6 /* demoProject.xcdatamodeld */,
				026EC3281D711935005269E6 /* Supporting Files */,
				026EC32B1D711935005269E6 /* AppDelegate.h */,
				026EC32C1D711935005269E6 /* AppDelegate.m */,
				026EC32E1D711935005269E6 /* ViewController.h */,
				026EC32F1D711935005269E6 /* ViewController.m */,
				026EC35E1D71196B005269E6 /* ViewController.xib */,
			);
			path = demoProject;
			sourceTree = "<group>";
		};
		026EC3281D711935005269E6 /* Supporting Files */ = {
			isa = PBXGroup;
			children = (
				026EC3291D711935005269E6 /* main.m */,
			);
			name = "Supporting Files";
			sourceTree = "<group>";
		};
		026EC3441D711936005269E6 /* demoProjectTests */ = {
			isa = PBXGroup;
			children = (
				026EC3451D711936005269E6 /* demoProjectTests.m */,
				026EC3471D711936005269E6 /* Info.plist */,
			);
			path = demoProjectTests;
			sourceTree = "<group>";
		};
		026EC34F1D711936005269E6 /* demoProjectUITests */ = {
			isa = PBXGroup;
			children = (
				026EC3501D711936005269E6 /* demoProjectUITests.m */,
				026EC3521D711936005269E6 /* Info.plist */,
			);
			path = demoProjectUITests;
			sourceTree = "<group>";
		};
/* End PBXGroup section */

/* Begin PBXNativeTarget section */
		026EC3241D711935005269E6 /* demoProject */ = {
			isa = PBXNativeTarget;
			buildConfigurationList = 026EC3551D711936005269E6 /* Build configuration list for PBXNativeTarget "demoProject" */;
			buildPhases = (
				026EC3211D711935005269E6 /* Sources */,
				026EC3221D711935005269E6 /* Frameworks */,
				026EC3231D711935005269E6 /* Resources */,
			);
			buildRules = (
			);
			dependencies = (
			);
			name = demoProject;
			productName = demoProject;
			productReference = 026EC3251D711935005269E6 /* demoProject.app */;
			productType = "com.apple.product-type.application";
		};
		026EC3401D711936005269E6 /* demoProjectTests */ = {
			isa = PBXNativeTarget;
			buildConfigurationList = 026EC3581D711936005269E6 /* Build configuration list for PBXNativeTarget "demoProjectTests" */;
			buildPhases = (
				026EC33D1D711936005269E6 /* Sources */,
				026EC33E1D711936005269E6 /* Frameworks */,
				026EC33F1D711936005269E6 /* Resources */,
			);
			buildRules = (
			);
			dependencies = (
				026EC3431D711936005269E6 /* PBXTargetDependency */,
			);
			name = demoProjectTests;
			productName = demoProjectTests;
			productReference = 026EC3411D711936005269E6 /* demoProjectTests.xctest */;
			productType = "com.apple.product-type.bundle.unit-test";
		};
		026EC34B1D711936005269E6 /* demoProjectUITests */ = {
			isa = PBXNativeTarget;
			buildConfigurationList = 026EC35B1D711936005269E6 /* Build configuration list for PBXNativeTarget "demoProjectUITests" */;
			buildPhases = (
				026EC3481D711936005269E6 /* Sources */,
				026EC3491D711936005269E6 /* Frameworks */,
				026EC34A1D711936005269E6 /* Resources */,
			);
			buildRules = (
			);
			dependencies = (
				026EC34E1D711936005269E6 /* PBXTargetDependency */,
			);
			name = demoProjectUITests;
			productName = demoProjectUITests;
			productReference = 026EC34C1D711936005269E6 /* demoProjectUITests.xctest */;
			productType = "com.apple.product-type.bundle.ui-testing";
		};
/* End PBXNativeTarget section */

/* Begin PBXProject section */
		026EC31D1D711935005269E6 /* Project object */ = {
			isa = PBXProject;
			attributes = {
				LastUpgradeCheck = 0730;
				ORGANIZATIONNAME = "alisha bhatia";
				TargetAttributes = {
					026EC3241D711935005269E6 = {
						CreatedOnToolsVersion = 7.3.1;
					};
					026EC3401D711936005269E6 = {
						CreatedOnToolsVersion = 7.3.1;
						TestTargetID = 026EC3241D711935005269E6;
					};
					026EC34B1D711936005269E6 = {
						CreatedOnToolsVersion = 7.3.1;
						TestTargetID = 026EC3241D711935005269E6;
					};
				};
			};
			buildConfigurationList = 026EC3201D711935005269E6 /* Build configuration list for PBXProject "demoProject" */;
			compatibilityVersion = "Xcode 3.2";
			developmentRegion = English;
			hasScannedForEncodings = 0;
			knownRegions = (
				en,
				Base,
			);
			mainGroup = 026EC31C1D711935005269E6;
			productRefGroup = 026EC3261D711935005269E6 /* Products */;
			projectDirPath = "";
			projectRoot = "";
			targets = (
				026EC3241D711935005269E6 /* demoProject */,
				026EC3401D711936005269E6 /* demoProjectTests */,
				026EC34B1D711936005269E6 /* demoProjectUITests */,
			);
		};
/* End PBXProject section */

/* Begin PBXResourcesBuildPhase section */
		026EC3231D711935005269E6 /* Resources */ = {
			isa = PBXResourcesBuildPhase;
			buildActionMask = 2147483647;
			files = (
				026EC35F1D71196B005269E6 /* ViewController.xib in Resources */,
				026EC3381D711936005269E6 /* Assets.xcassets in Resources */,
				026EC3611D711A50005269E6 /* Default-568h@2x.png in Resources */,
			);
			runOnlyForDeploymentPostprocessing = 0;
		};
		026EC33F1D711936005269E6 /* Resources */ = {
			isa = PBXResourcesBuildPhase;
			buildActionMask = 2147483647;
			files = (
			);
			runOnlyForDeploymentPostprocessing = 0;
		};
		026EC34A1D711936005269E6 /* Resources */ = {
			isa = PBXResourcesBuildPhase;
			buildActionMask = 2147483647;
			files = (
			);
			runOnlyForDeploymentPostprocessing = 0;
		};
/* End PBXResourcesBuildPhase section */

/* Begin PBXSourcesBuildPhase section */
		026EC3211D711935005269E6 /* Sources */ = {
			isa = PBXSourcesBuildPhase;
			buildActionMask = 2147483647;
			files = (
				026EC3361D711936005269E6 /* demoProject.xcdatamodeld in Sources */,
				026EC3301D711935005269E6 /* ViewController.m in Sources */,
				026EC32D1D711935005269E6 /* AppDelegate.m in Sources */,
				026EC32A1D711935005269E6 /* main.m in Sources */,
			);
			runOnlyForDeploymentPostprocessing = 0;
		};
		026EC33D1D711936005269E6 /* Sources */ = {
			isa = PBXSourcesBuildPhase;
			buildActionMask = 2147483647;
			files = (
				026EC3461D711936005269E6 /* demoProjectTests.m in Sources */,
			);
			runOnlyForDeploymentPostprocessing = 0;
		};
		026EC3481D711936005269E6 /* Sources */ = {
			isa = PBXSourcesBuildPhase;
			buildActionMask = 2147483647;
			files = (
				026EC3511D711936005269E6 /* demoProjectUITests.m in Sources */,
			);
			runOnlyForDeploymentPostprocessing = 0;
		};
/* End PBXSourcesBuildPhase section */

/* Begin PBXTargetDependency section */
		026EC3431D711936005269E6 /* PBXTargetDependency */ = {
			isa = PBXTargetDependency;
			target = 026EC3241D711935005269E6 /* demoProject */;
			targetProxy = 026EC3421D711936005269E6 /* PBXContainerItemProxy */;
		};
		026EC34E1D711936005269E6 /* PBXTargetDependency */ = {
			isa = PBXTargetDependency;
			target = 026EC3241D711935005269E6 /* demoProject */;
			targetProxy = 026EC34D1D711936005269E6 /* PBXContainerItemProxy */;
		};
/* End PBXTargetDependency section */

/* Begin XCBuildConfiguration section */
		026EC3531D711936005269E6 /* Debug */ = {
			isa = XCBuildConfiguration;
			buildSettings = {
				ALWAYS_SEARCH_USER_PATHS = NO;
				CLANG_ANALYZER_NONNULL = YES;
				CLANG_CXX_LANGUAGE_STANDARD = "gnu++0x";
				CLANG_CXX_LIBRARY = "libc++";
				CLANG_ENABLE_MODULES = YES;
				CLANG_ENABLE_OBJC_ARC = YES;
				CLANG_WARN_BOOL_CONVERSION = YES;
				CLANG_WARN_CONSTANT_CONVERSION = YES;
				CLANG_WARN_DIRECT_OBJC_ISA_USAGE = YES_ERROR;
				CLANG_WARN_EMPTY_BODY = YES;
				CLANG_WARN_ENUM_CONVERSION = YES;
				CLANG_WARN_INT_CONVERSION = YES;
				CLANG_WARN_OBJC_ROOT_CLASS = YES_ERROR;
				CLANG_WARN_UNREACHABLE_CODE = YES;
				CLANG_WARN__DUPLICATE_METHOD_MATCH = YES;
				"CODE_SIGN_IDENTITY[sdk=iphoneos*]" = "iPhone Developer";
				COPY_PHASE_STRIP = NO;
				DEBUG_INFORMATION_FORMAT = dwarf;
				ENABLE_STRICT_OBJC_MSGSEND = YES;
				ENABLE_TESTABILITY = YES;
				GCC_C_LANGUAGE_STANDARD = gnu99;
				GCC_DYNAMIC_NO_PIC = NO;
				GCC_NO_COMMON_BLOCKS = YES;
				GCC_OPTIMIZATION_LEVEL = 0;
				GCC_PREPROCESSOR_DEFINITIONS = (
					"DEBUG=1",
					"$(inherited)",
				);
				GCC_WARN_64_TO_32_BIT_CONVERSION = YES;
				GCC_WARN_ABOUT_RETURN_TYPE = YES_ERROR;
				GCC_WARN_UNDECLARED_SELECTOR = YES;
				GCC_WARN_UNINITIALIZED_AUTOS = YES_AGGRESSIVE;
				GCC_WARN_UNUSED_FUNCTION = YES;
				GCC_WARN_UNUSED_VARIABLE = YES;
				IPHONEOS_DEPLOYMENT_TARGET = 9.3;
				MTL_ENABLE_DEBUG_INFO = YES;
				ONLY_ACTIVE_ARCH = YES;
				SDKROOT = iphoneos;
				TARGETED_DEVICE_FAMILY = "1,2";
			};
			name = Debug;
		};
		026EC3541D711936005269E6 /* Release */ = {
			isa = XCBuildConfiguration;
			buildSettings = {
				ALWAYS_SEARCH_USER_PATHS = NO;
				CLANG_ANALYZER_NONNULL = YES;
				CLANG_CXX_LANGUAGE_STANDARD = "gnu++0x";
				CLANG_CXX_LIBRARY = "libc++";
				CLANG_ENABLE_MODULES = YES;
				CLANG_ENABLE_OBJC_ARC = YES;
				CLANG_WARN_BOOL_CONVERSION = YES;
				CLANG_WARN_CONSTANT_CONVERSION = YES;
				CLANG_WARN_DIRECT_OBJC_ISA_USAGE = YES_ERROR;
				CLANG_WARN_EMPTY_BODY = YES;
				CLANG_WARN_ENUM_CONVERSION = YES;
				CLANG_WARN_INT_CONVERSION = YES;
				CLANG_WARN_OBJC_ROOT_CLASS = YES_ERROR;
				CLANG_WARN_UNREACHABLE_CODE = YES;
				CLANG_WARN__DUPLICATE_METHOD_MATCH = YES;
				"CODE_SIGN_IDENTITY[sdk=iphoneos*]" = "iPhone Developer";
				COPY_PHASE_STRIP = NO;
				DEBUG_INFORMATION_FORMAT = "dwarf-with-dsym";
				ENABLE_NS_ASSERTIONS = NO;
				ENABLE_STRICT_OBJC_MSGSEND = YES;
				GCC_C_LANGUAGE_STANDARD = gnu99;
				GCC_NO_COMMON_BLOCKS = YES;
				GCC_WARN_64_TO_32_BIT_CONVERSION = YES;
				GCC_WARN_ABOUT_RETURN_TYPE = YES_ERROR;
				GCC_WARN_UNDECLARED_SELECTOR = YES;
				GCC_WARN_UNINITIALIZED_AUTOS = YES_AGGRESSIVE;
				GCC_WARN_UNUSED_FUNCTION = YES;
				GCC_WARN_UNUSED_VARIABLE = YES;
				IPHONEOS_DEPLOYMENT_TARGET = 9.3;
				MTL_ENABLE_DEBUG_INFO = NO;
				SDKROOT = iphoneos;
				TARGETED_DEVICE_FAMILY = "1,2";
				VALIDATE_PRODUCT = YES;
			};
			name = Release;
		};
		026EC3561D711936005269E6 /* Debug */ = {
			isa = XCBuildConfiguration;
			buildSettings = {
				ASSETCATALOG_COMPILER_APPICON_NAME = AppIcon;
				INFOPLIST_FILE = demoProject/Info.plist;
				IPHONEOS_DEPLOYMENT_TARGET = 9.1;
				LD_RUNPATH_SEARCH_PATHS = "$(inherited) @executable_path/Frameworks";
				PRODUCT_BUNDLE_IDENTIFIER = None.demoProject;
				PRODUCT_NAME = "$(TARGET_NAME)";
			};
			name = Debug;
		};
		026EC3571D711936005269E6 /* Release */ = {
			isa = XCBuildConfiguration;
			buildSettings = {
				ASSETCATALOG_COMPILER_APPICON_NAME = AppIcon;
				INFOPLIST_FILE = demoProject/Info.plist;
				IPHONEOS_DEPLOYMENT_TARGET = 9.1;
				LD_RUNPATH_SEARCH_PATHS = "$(inherited) @executable_path/Frameworks";
				PRODUCT_BUNDLE_IDENTIFIER = None.demoProject;
				PRODUCT_NAME = "$(TARGET_NAME)";
			};
			name = Release;
		};
		026EC3591D711936005269E6 /* Debug */ = {
			isa = XCBuildConfiguration;
			buildSettings = {
				BUNDLE_LOADER = "$(TEST_HOST)";
				INFOPLIST_FILE = demoProjectTests/Info.plist;
				IPHONEOS_DEPLOYMENT_TARGET = 9.1;
				LD_RUNPATH_SEARCH_PATHS = "$(inherited) @executable_path/Frameworks @loader_path/Frameworks";
				PRODUCT_BUNDLE_IDENTIFIER = None.demoProjectTests;
				PRODUCT_NAME = "$(TARGET_NAME)";
				TEST_HOST = "$(BUILT_PRODUCTS_DIR)/demoProject.app/demoProject";
			};
			name = Debug;
		};
		026EC35A1D711936005269E6 /* Release */ = {
			isa = XCBuildConfiguration;
			buildSettings = {
				BUNDLE_LOADER = "$(TEST_HOST)";
				INFOPLIST_FILE = demoProjectTests/Info.plist;
				IPHONEOS_DEPLOYMENT_TARGET = 9.1;
				LD_RUNPATH_SEARCH_PATHS = "$(inherited) @executable_path/Frameworks @loader_path/Frameworks";
				PRODUCT_BUNDLE_IDENTIFIER = None.demoProjectTests;
				PRODUCT_NAME = "$(TARGET_NAME)";
				TEST_HOST = "$(BUILT_PRODUCTS_DIR)/demoProject.app/demoProject";
			};
			name = Release;
		};
		026EC35C1D711936005269E6 /* Debug */ = {
			isa = XCBuildConfiguration;
			buildSettings = {
				INFOPLIST_FILE = demoProjectUITests/Info.plist;
				IPHONEOS_DEPLOYMENT_TARGET = 9.1;
				LD_RUNPATH_SEARCH_PATHS = "$(inherited) @executable_path/Frameworks @loader_path/Frameworks";
				PRODUCT_BUNDLE_IDENTIFIER = None.demoProjectUITests;
				PRODUCT_NAME = "$(TARGET_NAME)";
				TEST_TARGET_NAME = demoProject;
			};
			name = Debug;
		};
		026EC35D1D711936005269E6 /* Release */ = {
			isa = XCBuildConfiguration;
			buildSettings = {
				INFOPLIST_FILE = demoProjectUITests/Info.plist;
				IPHONEOS_DEPLOYMENT_TARGET = 9.1;
				LD_RUNPATH_SEARCH_PATHS = "$(inherited) @executable_path/Frameworks @loader_path/Frameworks";
				PRODUCT_BUNDLE_IDENTIFIER = None.demoProjectUITests;
				PRODUCT_NAME = "$(TARGET_NAME)";
				TEST_TARGET_NAME = demoProject;
			};
			name = Release;
		};
/* End XCBuildConfiguration section */

/* Begin XCConfigurationList section */
		026EC3201D711935005269E6 /* Build configuration list for PBXProject "demoProject" */ = {
			isa = XCConfigurationList;
			buildConfigurations = (
				026EC3531D711936005269E6 /* Debug */,
				026EC3541D711936005269E6 /* Release */,
			);
			defaultConfigurationIsVisible = 0;
			defaultConfigurationName = Release;
		};
		026EC3551D711936005269E6 /* Build configuration list for PBXNativeTarget "demoProject" */ = {
			isa = XCConfigurationList;
			buildConfigurations = (
				026EC3561D711936005269E6 /* Debug */,
				026EC3571D711936005269E6 /* Release */,
			);
			defaultConfigurationIsVisible = 0;
			defaultConfigurationName = Release;
		};
		026EC3581D711936005269E6 /* Build configuration list for PBXNativeTarget "demoProjectTests" */ = {
			isa = XCConfigurationList;
			buildConfigurations = (
				026EC3591D711936005269E6 /* Debug */,
				026EC35A1D711936005269E6 /* Release */,
			);
			defaultConfigurationIsVisible = 0;
			defaultConfigurationName = Release;
		};
		026EC35B1D711936005269E6 /* Build configuration list for PBXNativeTarget "demoProjectUITests" */ = {
			isa = XCConfigurationList;
			buildConfigurations = (
				026EC35C1D711936005269E6 /* Debug */,
				026EC35D1D711936005269E6 /* Release */,
			);
			defaultConfigurationIsVisible = 0;
			defaultConfigurationName = Release;
		};
/* End XCConfigurationList section */

/* Begin XCVersionGroup section */
		026EC3341D711935005269E6 /* demoProject.xcdatamodeld */ = {
			isa = XCVersionGroup;
			children = (
				026EC3351D711935005269E6 /* demoProject.xcdatamodel */,
			);
			currentVersion = 026EC3351D711935005269E6 /* demoProject.xcdatamodel */;
			path = demoProject.xcdatamodeld;
			sourceTree = "<group>";
			versionGroupType = wrapper.xcdatamodel;
		};
/* End XCVersionGroup section */
	};
	rootObject = 026EC31D1D711935005269E6 /* Project object */;
}
